
Microsoft Visual Studio Solution File, Format Version 12.00
# Visual Studio Version 17
VisualStudioVersion = 17.5.33516.290
MinimumVisualStudioVersion = 10.0.40219.1
Project("{FAE04EC0-301F-11D3-BF4B-00C04F79EFBC}") = "SignalR_Project", "SignalR_Project\SignalR_Project.csproj", "{57F6D752-C568-4D4E-A4BB-3E1B18F3C805}"
EndProject
Global
	GlobalSection(SolutionConfigurationPlatforms) = preSolution
		Debug|Any CPU = Debug|Any CPU
		Release|Any CPU = Release|Any CPU
	EndGlobalSection
	GlobalSection(ProjectConfigurationPlatforms) = postSolution
		{57F6D752-C568-4D4E-A4BB-3E1B18F3C805}.Debug|Any CPU.ActiveCfg = Debug|Any CPU
		{57F6D752-C568-4D4E-A4BB-3E1B18F3C805}.Debug|Any CPU.Build.0 = Debug|Any CPU
		{57F6D752-C568-4D4E-A4BB-3E1B18F3C805}.Release|Any CPU.ActiveCfg = Release|Any CPU
		{57F6D752-C568-4D4E-A4BB-3E1B18F3C805}.Release|Any CPU.Build.0 = Release|Any CPU
	EndGlobalSection
	GlobalSection(SolutionProperties) = preSolution
		HideSolutionNode = FALSE
	EndGlobalSection
	GlobalSection(ExtensibilityGlobals) = postSolution
		SolutionGuid = {4FEDA328-97B7-4D13-AA70-C70CED28832F}
	EndGlobalSection
EndGlobal
